// !$*UTF8*$!
{
	archiveVersion = 1;
	classes = {
	};
	objectVersion = 46;
	objects = {

/* Begin PBXBuildFile section */
		7C4819971835A39300B5EC05 /* images in Resources */ = {isa = PBXBuildFile; fileRef = 7C4819961835A39300B5EC05 /* images */; };
		7C4819991835A3B200B5EC05 /* fonts in Resources */ = {isa = PBXBuildFile; fileRef = 7C4819981835A3B200B5EC05 /* fonts */; };
		7C7C93C017FA325700C8C260 /* Security.framework in Frameworks */ = {isa = PBXBuildFile; fileRef = 7C7C93BF17FA325700C8C260 /* Security.framework */; };
		7C7C93C217FA32AE00C8C260 /* SystemConfiguration.framework in Frameworks */ = {isa = PBXBuildFile; fileRef = 7C7C93C117FA32AE00C8C260 /* SystemConfiguration.framework */; };
		7CE23B8517E145D000497306 /* UIKit.framework in Frameworks */ = {isa = PBXBuildFile; fileRef = 7CE23B8417E145D000497306 /* UIKit.framework */; };
		7CE23B8717E145D000497306 /* Foundation.framework in Frameworks */ = {isa = PBXBuildFile; fileRef = 7CE23B8617E145D000497306 /* Foundation.framework */; };
		7CE23B8917E145D000497306 /* CoreGraphics.framework in Frameworks */ = {isa = PBXBuildFile; fileRef = 7CE23B8817E145D000497306 /* CoreGraphics.framework */; };
		7CE23B8F17E145D000497306 /* InfoPlist.strings in Resources */ = {isa = PBXBuildFile; fileRef = 7CE23B8D17E145D000497306 /* InfoPlist.strings */; };
		7CE23B9117E145D000497306 /* main.m in Sources */ = {isa = PBXBuildFile; fileRef = 7CE23B9017E145D000497306 /* main.m */; };
		7CE23B9517E145D000497306 /* MCAppDelegate.m in Sources */ = {isa = PBXBuildFile; fileRef = 7CE23B9417E145D000497306 /* MCAppDelegate.m */; };
		7CE23B9717E145D000497306 /* Default.png in Resources */ = {isa = PBXBuildFile; fileRef = 7CE23B9617E145D000497306 /* Default.png */; };
		7CE23B9917E145D000497306 /* Default@2x.png in Resources */ = {isa = PBXBuildFile; fileRef = 7CE23B9817E145D000497306 /* Default@2x.png */; };
		7CE23B9B17E145D000497306 /* Default-568h@2x.png in Resources */ = {isa = PBXBuildFile; fileRef = 7CE23B9A17E145D000497306 /* Default-568h@2x.png */; };
		7CE23BE117E14E9900497306 /* MCViewController.m in Sources */ = {isa = PBXBuildFile; fileRef = 7CE23BDB17E1465D00497306 /* MCViewController.m */; };
		7CE23BE217E14E9900497306 /* MCGameCollectionViewCell.m in Sources */ = {isa = PBXBuildFile; fileRef = 7CE23BDD17E1465D00497306 /* MCGameCollectionViewCell.m */; };
		7CE23C6C17E25E8E00497306 /* MCGameInfo.m in Sources */ = {isa = PBXBuildFile; fileRef = 7CE23C6B17E25E8D00497306 /* MCGameInfo.m */; };
/* End PBXBuildFile section */

/* Begin PBXFileReference section */
		7C4819961835A39300B5EC05 /* images */ = {isa = PBXFileReference; lastKnownFileType = folder; name = images; path = GameCollectionView/images; sourceTree = "<group>"; };
		7C4819981835A3B200B5EC05 /* fonts */ = {isa = PBXFileReference; lastKnownFileType = folder; name = fonts; path = GameCollectionView/fonts; sourceTree = "<group>"; };
		7C7C93BF17FA325700C8C260 /* Security.framework */ = {isa = PBXFileReference; lastKnownFileType = wrapper.framework; name = Security.framework; path = System/Library/Frameworks/Security.framework; sourceTree = SDKROOT; };
		7C7C93C117FA32AE00C8C260 /* SystemConfiguration.framework */ = {isa = PBXFileReference; lastKnownFileType = wrapper.framework; name = SystemConfiguration.framework; path = System/Library/Frameworks/SystemConfiguration.framework; sourceTree = SDKROOT; };
		7CE23B8117E145D000497306 /* GameCollectionView.app */ = {isa = PBXFileReference; explicitFileType = wrapper.application; includeInIndex = 0; path = GameCollectionView.app; sourceTree = BUILT_PRODUCTS_DIR; };
		7CE23B8417E145D000497306 /* UIKit.framework */ = {isa = PBXFileReference; lastKnownFileType = wrapper.framework; name = UIKit.framework; path = System/Library/Frameworks/UIKit.framework; sourceTree = SDKROOT; };
		7CE23B8617E145D000497306 /* Foundation.framework */ = {isa = PBXFileReference; lastKnownFileType = wrapper.framework; name = Foundation.framework; path = System/Library/Frameworks/Foundation.framework; sourceTree = SDKROOT; };
		7CE23B8817E145D000497306 /* CoreGraphics.framework */ = {isa = PBXFileReference; lastKnownFileType = wrapper.framework; name = CoreGraphics.framework; path = System/Library/Frameworks/CoreGraphics.framework; sourceTree = SDKROOT; };
		7CE23B8C17E145D000497306 /* GameCollectionView-Info.plist */ = {isa = PBXFileReference; lastKnownFileType = text.plist.xml; path = "GameCollectionView-Info.plist"; sourceTree = "<group>"; };
		7CE23B8E17E145D000497306 /* en */ = {isa = PBXFileReference; lastKnownFileType = text.plist.strings; name = en; path = en.lproj/InfoPlist.strings; sourceTree = "<group>"; };
		7CE23B9017E145D000497306 /* main.m */ = {isa = PBXFileReference; lastKnownFileType = sourcecode.c.objc; path = main.m; sourceTree = "<group>"; };
		7CE23B9217E145D000497306 /* GameCollectionView-Prefix.pch */ = {isa = PBXFileReference; lastKnownFileType = sourcecode.c.h; path = "GameCollectionView-Prefix.pch"; sourceTree = "<group>"; };
		7CE23B9317E145D000497306 /* MCAppDelegate.h */ = {isa = PBXFileReference; lastKnownFileType = sourcecode.c.h; path = MCAppDelegate.h; sourceTree = "<group>"; };
		7CE23B9417E145D000497306 /* MCAppDelegate.m */ = {isa = PBXFileReference; lastKnownFileType = sourcecode.c.objc; path = MCAppDelegate.m; sourceTree = "<group>"; };
		7CE23B9617E145D000497306 /* Default.png */ = {isa = PBXFileReference; lastKnownFileType = image.png; path = Default.png; sourceTree = "<group>"; };
		7CE23B9817E145D000497306 /* Default@2x.png */ = {isa = PBXFileReference; lastKnownFileType = image.png; path = "Default@2x.png"; sourceTree = "<group>"; };
		7CE23B9A17E145D000497306 /* Default-568h@2x.png */ = {isa = PBXFileReference; lastKnownFileType = image.png; path = "Default-568h@2x.png"; sourceTree = "<group>"; };
		7CE23BDA17E1465D00497306 /* MCViewController.h */ = {isa = PBXFileReference; lastKnownFileType = sourcecode.c.h; path = MCViewController.h; sourceTree = "<group>"; };
		7CE23BDB17E1465D00497306 /* MCViewController.m */ = {isa = PBXFileReference; lastKnownFileType = sourcecode.c.objc; path = MCViewController.m; sourceTree = "<group>"; };
		7CE23BDC17E1465D00497306 /* MCGameCollectionViewCell.h */ = {isa = PBXFileReference; lastKnownFileType = sourcecode.c.h; path = MCGameCollectionViewCell.h; sourceTree = "<group>"; };
		7CE23BDD17E1465D00497306 /* MCGameCollectionViewCell.m */ = {isa = PBXFileReference; lastKnownFileType = sourcecode.c.objc; path = MCGameCollectionViewCell.m; sourceTree = "<group>"; };
		7CE23C6A17E25E8D00497306 /* MCGameInfo.h */ = {isa = PBXFileReference; fileEncoding = 4; lastKnownFileType = sourcecode.c.h; path = MCGameInfo.h; sourceTree = "<group>"; };
		7CE23C6B17E25E8D00497306 /* MCGameInfo.m */ = {isa = PBXFileReference; fileEncoding = 4; lastKnownFileType = sourcecode.c.objc; path = MCGameInfo.m; sourceTree = "<group>"; };
/* End PBXFileReference section */

/* Begin PBXFrameworksBuildPhase section */
		7CE23B7E17E145CF00497306 /* Frameworks */ = {
			isa = PBXFrameworksBuildPhase;
			buildActionMask = 2147483647;
			files = (
				7C7C93C217FA32AE00C8C260 /* SystemConfiguration.framework in Frameworks */,
				7C7C93C017FA325700C8C260 /* Security.framework in Frameworks */,
				7CE23B8517E145D000497306 /* UIKit.framework in Frameworks */,
				7CE23B8717E145D000497306 /* Foundation.framework in Frameworks */,
				7CE23B8917E145D000497306 /* CoreGraphics.framework in Frameworks */,
			);
			runOnlyForDeploymentPostprocessing = 0;
		};
/* End PBXFrameworksBuildPhase section */

/* Begin PBXGroup section */
		7CE23B7817E145CF00497306 = {
			isa = PBXGroup;
			children = (
				7C4819961835A39300B5EC05 /* images */,
				7C4819981835A3B200B5EC05 /* fonts */,
				7CE23B8A17E145D000497306 /* GameCollectionView */,
				7CE23B8317E145D000497306 /* Frameworks */,
				7CE23B8217E145D000497306 /* Products */,
			);
			sourceTree = "<group>";
		};
		7CE23B8217E145D000497306 /* Products */ = {
			isa = PBXGroup;
			children = (
				7CE23B8117E145D000497306 /* GameCollectionView.app */,
			);
			name = Products;
			sourceTree = "<group>";
		};
		7CE23B8317E145D000497306 /* Frameworks */ = {
			isa = PBXGroup;
			children = (
				7C7C93C117FA32AE00C8C260 /* SystemConfiguration.framework */,
				7C7C93BF17FA325700C8C260 /* Security.framework */,
				7CE23B8417E145D000497306 /* UIKit.framework */,
				7CE23B8617E145D000497306 /* Foundation.framework */,
				7CE23B8817E145D000497306 /* CoreGraphics.framework */,
			);
			name = Frameworks;
			sourceTree = "<group>";
		};
		7CE23B8A17E145D000497306 /* GameCollectionView */ = {
			isa = PBXGroup;
			children = (
				7CE23B9317E145D000497306 /* MCAppDelegate.h */,
				7CE23B9417E145D000497306 /* MCAppDelegate.m */,
				7CE23BDA17E1465D00497306 /* MCViewController.h */,
				7CE23BDB17E1465D00497306 /* MCViewController.m */,
				7CE23BDC17E1465D00497306 /* MCGameCollectionViewCell.h */,
				7CE23BDD17E1465D00497306 /* MCGameCollectionViewCell.m */,
				7CE23C6A17E25E8D00497306 /* MCGameInfo.h */,
				7CE23C6B17E25E8D00497306 /* MCGameInfo.m */,
				7CE23B8B17E145D000497306 /* Supporting Files */,
			);
			path = GameCollectionView;
			sourceTree = "<group>";
		};
		7CE23B8B17E145D000497306 /* Supporting Files */ = {
			isa = PBXGroup;
			children = (
				7CE23B8C17E145D000497306 /* GameCollectionView-Info.plist */,
				7CE23B8D17E145D000497306 /* InfoPlist.strings */,
				7CE23B9017E145D000497306 /* main.m */,
				7CE23B9217E145D000497306 /* GameCollectionView-Prefix.pch */,
				7CE23B9617E145D000497306 /* Default.png */,
				7CE23B9817E145D000497306 /* Default@2x.png */,
				7CE23B9A17E145D000497306 /* Default-568h@2x.png */,
			);
			name = "Supporting Files";
			sourceTree = "<group>";
		};
/* End PBXGroup section */

/* Begin PBXNativeTarget section */
		7CE23B8017E145CF00497306 /* GameCollectionView */ = {
			isa = PBXNativeTarget;
			buildConfigurationList = 7CE23B9E17E145D000497306 /* Build configuration list for PBXNativeTarget "GameCollectionView" */;
			buildPhases = (
				7CE23B7D17E145CF00497306 /* Sources */,
				7CE23B7E17E145CF00497306 /* Frameworks */,
				7CE23B7F17E145CF00497306 /* Resources */,
			);
			buildRules = (
			);
			dependencies = (
			);
			name = GameCollectionView;
			productName = GameCollectionView;
			productReference = 7CE23B8117E145D000497306 /* GameCollectionView.app */;
			productType = "com.apple.product-type.application";
		};
/* End PBXNativeTarget section */

/* Begin PBXProject section */
		7CE23B7917E145CF00497306 /* Project object */ = {
			isa = PBXProject;
			attributes = {
				CLASSPREFIX = MC;
				LastUpgradeCheck = 0460;
				ORGANIZATIONNAME = Mark;
			};
			buildConfigurationList = 7CE23B7C17E145CF00497306 /* Build configuration list for PBXProject "GameCollectionView" */;
			compatibilityVersion = "Xcode 3.2";
			developmentRegion = English;
			hasScannedForEncodings = 0;
			knownRegions = (
				en,
			);
			mainGroup = 7CE23B7817E145CF00497306;
			productRefGroup = 7CE23B8217E145D000497306 /* Products */;
			projectDirPath = "";
			projectRoot = "";
			targets = (
				7CE23B8017E145CF00497306 /* GameCollectionView */,
			);
		};
/* End PBXProject section */

/* Begin PBXResourcesBuildPhase section */
		7CE23B7F17E145CF00497306 /* Resources */ = {
			isa = PBXResourcesBuildPhase;
			buildActionMask = 2147483647;
			files = (
				7C4819971835A39300B5EC05 /* images in Resources */,
				7CE23B8F17E145D000497306 /* InfoPlist.strings in Resources */,
				7CE23B9717E145D000497306 /* Default.png in Resources */,
				7C4819991835A3B200B5EC05 /* fonts in Resources */,
				7CE23B9917E145D000497306 /* Default@2x.png in Resources */,
				7CE23B9B17E145D000497306 /* Default-568h@2x.png in Resources */,
			);
			runOnlyForDeploymentPostprocessing = 0;
		};
/* End PBXResourcesBuildPhase section */

/* Begin PBXSourcesBuildPhase section */
		7CE23B7D17E145CF00497306 /* Sources */ = {
			isa = PBXSourcesBuildPhase;
			buildActionMask = 2147483647;
			files = (
				7CE23BE117E14E9900497306 /* MCViewController.m in Sources */,
				7CE23BE217E14E9900497306 /* MCGameCollectionViewCell.m in Sources */,
				7CE23B9117E145D000497306 /* main.m in Sources */,
				7CE23B9517E145D000497306 /* MCAppDelegate.m in Sources */,
				7CE23C6C17E25E8E00497306 /* MCGameInfo.m in Sources */,
			);
			runOnlyForDeploymentPostprocessing = 0;
		};
/* End PBXSourcesBuildPhase section */

/* Begin PBXVariantGroup section */
		7CE23B8D17E145D000497306 /* InfoPlist.strings */ = {
			isa = PBXVariantGroup;
			children = (
				7CE23B8E17E145D000497306 /* en */,
			);
			name = InfoPlist.strings;
			sourceTree = "<group>";
		};
/* End PBXVariantGroup section */

/* Begin XCBuildConfiguration section */
		7CE23B9C17E145D000497306 /* Debug */ = {
			isa = XCBuildConfiguration;
			buildSettings = {
				ALWAYS_SEARCH_USER_PATHS = NO;
				CLANG_CXX_LANGUAGE_STANDARD = "gnu++0x";
				CLANG_CXX_LIBRARY = "libc++";
				CLANG_ENABLE_OBJC_ARC = YES;
				CLANG_WARN_CONSTANT_CONVERSION = YES;
				CLANG_WARN_EMPTY_BODY = YES;
				CLANG_WARN_ENUM_CONVERSION = YES;
				CLANG_WARN_INT_CONVERSION = YES;
				CLANG_WARN__DUPLICATE_METHOD_MATCH = YES;
				"CODE_SIGN_IDENTITY[sdk=iphoneos*]" = "iPhone Developer";
				COPY_PHASE_STRIP = NO;
				GCC_C_LANGUAGE_STANDARD = gnu99;
				GCC_DYNAMIC_NO_PIC = NO;
				GCC_OPTIMIZATION_LEVEL = 0;
				GCC_PREPROCESSOR_DEFINITIONS = (
					"DEBUG=1",
					"$(inherited)",
				);
				GCC_SYMBOLS_PRIVATE_EXTERN = NO;
				GCC_WARN_ABOUT_RETURN_TYPE = YES;
				GCC_WARN_UNINITIALIZED_AUTOS = YES;
				GCC_WARN_UNUSED_VARIABLE = YES;
				IPHONEOS_DEPLOYMENT_TARGET = 6.0;
				ONLY_ACTIVE_ARCH = YES;
				SDKROOT = iphoneos;
				TARGETED_DEVICE_FAMILY = "1,2";
			};
			name = Debug;
		};
		7CE23B9D17E145D000497306 /* Release */ = {
			isa = XCBuildConfiguration;
			buildSettings = {
				ALWAYS_SEARCH_USER_PATHS = NO;
				CLANG_CXX_LANGUAGE_STANDARD = "gnu++0x";
				CLANG_CXX_LIBRARY = "libc++";
				CLANG_ENABLE_OBJC_ARC = YES;
				CLANG_WARN_CONSTANT_CONVERSION = YES;
				CLANG_WARN_EMPTY_BODY = YES;
				CLANG_WARN_ENUM_CONVERSION = YES;
				CLANG_WARN_INT_CONVERSION = YES;
				CLANG_WARN__DUPLICATE_METHOD_MATCH = YES;
				"CODE_SIGN_IDENTITY[sdk=iphoneos*]" = "iPhone Developer";
				COPY_PHASE_STRIP = YES;
				GCC_C_LANGUAGE_STANDARD = gnu99;
				GCC_WARN_ABOUT_RETURN_TYPE = YES;
				GCC_WARN_UNINITIALIZED_AUTOS = YES;
				GCC_WARN_UNUSED_VARIABLE = YES;
				IPHONEOS_DEPLOYMENT_TARGET = 6.0;
				OTHER_CFLAGS = "-DNS_BLOCK_ASSERTIONS=1";
				SDKROOT = iphoneos;
				TARGETED_DEVICE_FAMILY = "1,2";
				VALIDATE_PRODUCT = YES;
			};
			name = Release;
		};
		7CE23B9F17E145D000497306 /* Debug */ = {
			isa = XCBuildConfiguration;
			buildSettings = {
				GCC_PRECOMPILE_PREFIX_HEADER = YES;
				GCC_PREFIX_HEADER = "GameCollectionView/GameCollectionView-Prefix.pch";
				INFOPLIST_FILE = "GameCollectionView/GameCollectionView-Info.plist";
				LIBRARY_SEARCH_PATHS = (
					"$(inherited)",
					/Users/mlcraig/Projects/Innovation/src/svnow/src/ios/GameCollectionView,
				);
				PRODUCT_NAME = "$(TARGET_NAME)";
				WRAPPER_EXTENSION = app;
			};
			name = Debug;
		};
		7CE23BA017E145D000497306 /* Release */ = {
			isa = XCBuildConfiguration;
			buildSettings = {
				GCC_PRECOMPILE_PREFIX_HEADER = YES;
				GCC_PREFIX_HEADER = "GameCollectionView/GameCollectionView-Prefix.pch";
				INFOPLIST_FILE = "GameCollectionView/GameCollectionView-Info.plist";
				LIBRARY_SEARCH_PATHS = (
					"$(inherited)",
					/Users/mlcraig/Projects/Innovation/src/svnow/src/ios/GameCollectionView,
				);
				PRODUCT_NAME = "$(TARGET_NAME)";
				WRAPPER_EXTENSION = app;
			};
			name = Release;
		};
/* End XCBuildConfiguration section */

/* Begin XCConfigurationList section */
		7CE23B7C17E145CF00497306 /* Build configuration list for PBXProject "GameCollectionView" */ = {
			isa = XCConfigurationList;
			buildConfigurations = (
				7CE23B9C17E145D000497306 /* Debug */,
				7CE23B9D17E145D000497306 /* Release */,
			);
			defaultConfigurationIsVisible = 0;
			defaultConfigurationName = Release;
		};
		7CE23B9E17E145D000497306 /* Build configuration list for PBXNativeTarget "GameCollectionView" */ = {
			isa = XCConfigurationList;
			buildConfigurations = (
				7CE23B9F17E145D000497306 /* Debug */,
				7CE23BA017E145D000497306 /* Release */,
			);
			defaultConfigurationIsVisible = 0;
			defaultConfigurationName = Release;
		};
/* End XCConfigurationList section */
	};
	rootObject = 7CE23B7917E145CF00497306 /* Project object */;
}
